// !$*UTF8*$!
{
	archiveVersion = 1;
	classes = {
	};
	objectVersion = 46;
	objects = {

/* Begin PBXBuildFile section */
		CE01CE75179BC3BB00090EB0 /* UIKit.framework in Frameworks */ = {isa = PBXBuildFile; fileRef = CE01CE74179BC3BB00090EB0 /* UIKit.framework */; };
		CE01CE77179BC3BB00090EB0 /* Foundation.framework in Frameworks */ = {isa = PBXBuildFile; fileRef = CE01CE76179BC3BB00090EB0 /* Foundation.framework */; };
		CE01CE79179BC3BB00090EB0 /* CoreGraphics.framework in Frameworks */ = {isa = PBXBuildFile; fileRef = CE01CE78179BC3BB00090EB0 /* CoreGraphics.framework */; };
		CE01CE7F179BC3BB00090EB0 /* InfoPlist.strings in Resources */ = {isa = PBXBuildFile; fileRef = CE01CE7D179BC3BB00090EB0 /* InfoPlist.strings */; };
		CE01CE81179BC3BB00090EB0 /* main.m in Sources */ = {isa = PBXBuildFile; fileRef = CE01CE80179BC3BB00090EB0 /* main.m */; settings = {COMPILER_FLAGS = "-fno-objc-arc"; }; };
		CE01CE85179BC3BB00090EB0 /* WithiterAppDelegate.m in Sources */ = {isa = PBXBuildFile; fileRef = CE01CE84179BC3BB00090EB0 /* WithiterAppDelegate.m */; settings = {COMPILER_FLAGS = "-fno-objc-arc"; }; };
		CE01CE87179BC3BB00090EB0 /* Default.png in Resources */ = {isa = PBXBuildFile; fileRef = CE01CE86179BC3BB00090EB0 /* Default.png */; };
		CE01CE89179BC3BB00090EB0 /* Default@2x.png in Resources */ = {isa = PBXBuildFile; fileRef = CE01CE88179BC3BB00090EB0 /* Default@2x.png */; };
		CE01CE8B179BC3BB00090EB0 /* Default-568h@2x.png in Resources */ = {isa = PBXBuildFile; fileRef = CE01CE8A179BC3BB00090EB0 /* Default-568h@2x.png */; };
		CE01CE8E179BC3BB00090EB0 /* WithiterFirstViewController.m in Sources */ = {isa = PBXBuildFile; fileRef = CE01CE8D179BC3BB00090EB0 /* WithiterFirstViewController.m */; settings = {COMPILER_FLAGS = "-fno-objc-arc"; }; };
		CE01CE90179BC3BB00090EB0 /* first.png in Resources */ = {isa = PBXBuildFile; fileRef = CE01CE8F179BC3BB00090EB0 /* first.png */; };
		CE01CE92179BC3BB00090EB0 /* first@2x.png in Resources */ = {isa = PBXBuildFile; fileRef = CE01CE91179BC3BB00090EB0 /* first@2x.png */; };
		CE01CE95179BC3BB00090EB0 /* WithiterSecondViewController.m in Sources */ = {isa = PBXBuildFile; fileRef = CE01CE94179BC3BB00090EB0 /* WithiterSecondViewController.m */; settings = {COMPILER_FLAGS = "-fno-objc-arc"; }; };
		CE01CE97179BC3BB00090EB0 /* second.png in Resources */ = {isa = PBXBuildFile; fileRef = CE01CE96179BC3BB00090EB0 /* second.png */; };
		CE01CE99179BC3BB00090EB0 /* second@2x.png in Resources */ = {isa = PBXBuildFile; fileRef = CE01CE98179BC3BB00090EB0 /* second@2x.png */; };
		CE01CE9C179BC3BB00090EB0 /* WithiterFirstViewController.xib in Resources */ = {isa = PBXBuildFile; fileRef = CE01CE9A179BC3BB00090EB0 /* WithiterFirstViewController.xib */; };
		CE01CE9F179BC3BB00090EB0 /* WithiterSecondViewController.xib in Resources */ = {isa = PBXBuildFile; fileRef = CE01CE9D179BC3BB00090EB0 /* WithiterSecondViewController.xib */; };
		CE01CFC1179BD09D00090EB0 /* CFNetwork.framework in Frameworks */ = {isa = PBXBuildFile; fileRef = CE01CFC0179BD09D00090EB0 /* CFNetwork.framework */; };
		CE01CFC3179BD0A800090EB0 /* MobileCoreServices.framework in Frameworks */ = {isa = PBXBuildFile; fileRef = CE01CFC2179BD0A800090EB0 /* MobileCoreServices.framework */; };
		CE01CFC5179BD0B300090EB0 /* SystemConfiguration.framework in Frameworks */ = {isa = PBXBuildFile; fileRef = CE01CFC4179BD0B300090EB0 /* SystemConfiguration.framework */; };
		CE01CFC7179BD0D700090EB0 /* libz.1.2.5.dylib in Frameworks */ = {isa = PBXBuildFile; fileRef = CE01CFC6179BD0D700090EB0 /* libz.1.2.5.dylib */; };
		CE01CFDD179BD13400090EB0 /* ASIAuthenticationDialog.m in Sources */ = {isa = PBXBuildFile; fileRef = CE01CFCA179BD13400090EB0 /* ASIAuthenticationDialog.m */; settings = {COMPILER_FLAGS = "-fno-objc-arc"; }; };
		CE01CFDE179BD13400090EB0 /* ASIDataCompressor.m in Sources */ = {isa = PBXBuildFile; fileRef = CE01CFCD179BD13400090EB0 /* ASIDataCompressor.m */; settings = {COMPILER_FLAGS = "-fno-objc-arc"; }; };
		CE01CFDF179BD13400090EB0 /* ASIDataDecompressor.m in Sources */ = {isa = PBXBuildFile; fileRef = CE01CFCF179BD13400090EB0 /* ASIDataDecompressor.m */; settings = {COMPILER_FLAGS = "-fno-objc-arc"; }; };
		CE01CFE0179BD13400090EB0 /* ASIDownloadCache.m in Sources */ = {isa = PBXBuildFile; fileRef = CE01CFD1179BD13400090EB0 /* ASIDownloadCache.m */; settings = {COMPILER_FLAGS = "-fno-objc-arc"; }; };
		CE01CFE1179BD13400090EB0 /* ASIFormDataRequest.m in Sources */ = {isa = PBXBuildFile; fileRef = CE01CFD3179BD13400090EB0 /* ASIFormDataRequest.m */; settings = {COMPILER_FLAGS = "-fno-objc-arc"; }; };
		CE01CFE2179BD13400090EB0 /* ASIHTTPRequest.m in Sources */ = {isa = PBXBuildFile; fileRef = CE01CFD5179BD13400090EB0 /* ASIHTTPRequest.m */; settings = {COMPILER_FLAGS = "-fno-objc-arc"; }; };
		CE01CFE3179BD13400090EB0 /* ASIInputStream.m in Sources */ = {isa = PBXBuildFile; fileRef = CE01CFD9179BD13400090EB0 /* ASIInputStream.m */; settings = {COMPILER_FLAGS = "-fno-objc-arc"; }; };
		CE01CFE4179BD13400090EB0 /* ASINetworkQueue.m in Sources */ = {isa = PBXBuildFile; fileRef = CE01CFDB179BD13400090EB0 /* ASINetworkQueue.m */; settings = {COMPILER_FLAGS = "-fno-objc-arc"; }; };
		CE5FA826179D61E900E09663 /* NSObject+SBJson.m in Sources */ = {isa = PBXBuildFile; fileRef = CE5FA80E179D61E900E09663 /* NSObject+SBJson.m */; };
		CE5FA827179D61E900E09663 /* SBJsonParser.m in Sources */ = {isa = PBXBuildFile; fileRef = CE5FA811179D61E900E09663 /* SBJsonParser.m */; };
		CE5FA828179D61E900E09663 /* SBJsonStreamParser.m in Sources */ = {isa = PBXBuildFile; fileRef = CE5FA813179D61E900E09663 /* SBJsonStreamParser.m */; };
		CE5FA829179D61E900E09663 /* SBJsonStreamParserAccumulator.m in Sources */ = {isa = PBXBuildFile; fileRef = CE5FA815179D61E900E09663 /* SBJsonStreamParserAccumulator.m */; };
		CE5FA82A179D61E900E09663 /* SBJsonStreamParserAdapter.m in Sources */ = {isa = PBXBuildFile; fileRef = CE5FA817179D61E900E09663 /* SBJsonStreamParserAdapter.m */; };
		CE5FA82B179D61E900E09663 /* SBJsonStreamParserState.m in Sources */ = {isa = PBXBuildFile; fileRef = CE5FA819179D61E900E09663 /* SBJsonStreamParserState.m */; };
		CE5FA82C179D61E900E09663 /* SBJsonStreamWriter.m in Sources */ = {isa = PBXBuildFile; fileRef = CE5FA81B179D61E900E09663 /* SBJsonStreamWriter.m */; };
		CE5FA82D179D61E900E09663 /* SBJsonStreamWriterAccumulator.m in Sources */ = {isa = PBXBuildFile; fileRef = CE5FA81D179D61E900E09663 /* SBJsonStreamWriterAccumulator.m */; };
		CE5FA82E179D61E900E09663 /* SBJsonStreamWriterState.m in Sources */ = {isa = PBXBuildFile; fileRef = CE5FA81F179D61E900E09663 /* SBJsonStreamWriterState.m */; };
		CE5FA82F179D61E900E09663 /* SBJsonTokeniser.m in Sources */ = {isa = PBXBuildFile; fileRef = CE5FA821179D61E900E09663 /* SBJsonTokeniser.m */; };
		CE5FA830179D61E900E09663 /* SBJsonUTF8Stream.m in Sources */ = {isa = PBXBuildFile; fileRef = CE5FA823179D61E900E09663 /* SBJsonUTF8Stream.m */; };
		CE5FA831179D61E900E09663 /* SBJsonWriter.m in Sources */ = {isa = PBXBuildFile; fileRef = CE5FA825179D61E900E09663 /* SBJsonWriter.m */; };
		CEEC0732179BF021000879AE /* Reachability.m in Sources */ = {isa = PBXBuildFile; fileRef = CEEC0731179BF021000879AE /* Reachability.m */; settings = {COMPILER_FLAGS = "-fno-objc-arc"; }; };
		CEEC0735179C2060000879AE /* WithiterThirdViewController.m in Sources */ = {isa = PBXBuildFile; fileRef = CEEC0734179C2060000879AE /* WithiterThirdViewController.m */; };
		CEEC0737179C22C7000879AE /* WithiterThirdViewController.xib in Resources */ = {isa = PBXBuildFile; fileRef = CEEC0736179C22C7000879AE /* WithiterThirdViewController.xib */; };
/* End PBXBuildFile section */

/* Begin PBXFileReference section */
		CE01CE71179BC3BB00090EB0 /* quhaoIOS.app */ = {isa = PBXFileReference; explicitFileType = wrapper.application; includeInIndex = 0; path = quhaoIOS.app; sourceTree = BUILT_PRODUCTS_DIR; };
		CE01CE74179BC3BB00090EB0 /* UIKit.framework */ = {isa = PBXFileReference; lastKnownFileType = wrapper.framework; name = UIKit.framework; path = System/Library/Frameworks/UIKit.framework; sourceTree = SDKROOT; };
		CE01CE76179BC3BB00090EB0 /* Foundation.framework */ = {isa = PBXFileReference; lastKnownFileType = wrapper.framework; name = Foundation.framework; path = System/Library/Frameworks/Foundation.framework; sourceTree = SDKROOT; };
		CE01CE78179BC3BB00090EB0 /* CoreGraphics.framework */ = {isa = PBXFileReference; lastKnownFileType = wrapper.framework; name = CoreGraphics.framework; path = System/Library/Frameworks/CoreGraphics.framework; sourceTree = SDKROOT; };
		CE01CE7C179BC3BB00090EB0 /* quhaoIOS-Info.plist */ = {isa = PBXFileReference; lastKnownFileType = text.plist.xml; path = "quhaoIOS-Info.plist"; sourceTree = "<group>"; };
		CE01CE7E179BC3BB00090EB0 /* en */ = {isa = PBXFileReference; lastKnownFileType = text.plist.strings; name = en; path = en.lproj/InfoPlist.strings; sourceTree = "<group>"; };
		CE01CE80179BC3BB00090EB0 /* main.m */ = {isa = PBXFileReference; lastKnownFileType = sourcecode.c.objc; path = main.m; sourceTree = "<group>"; };
		CE01CE82179BC3BB00090EB0 /* quhaoIOS-Prefix.pch */ = {isa = PBXFileReference; lastKnownFileType = sourcecode.c.h; path = "quhaoIOS-Prefix.pch"; sourceTree = "<group>"; };
		CE01CE83179BC3BB00090EB0 /* WithiterAppDelegate.h */ = {isa = PBXFileReference; lastKnownFileType = sourcecode.c.h; path = WithiterAppDelegate.h; sourceTree = "<group>"; };
		CE01CE84179BC3BB00090EB0 /* WithiterAppDelegate.m */ = {isa = PBXFileReference; lastKnownFileType = sourcecode.c.objc; path = WithiterAppDelegate.m; sourceTree = "<group>"; };
		CE01CE86179BC3BB00090EB0 /* Default.png */ = {isa = PBXFileReference; lastKnownFileType = image.png; path = Default.png; sourceTree = "<group>"; };
		CE01CE88179BC3BB00090EB0 /* Default@2x.png */ = {isa = PBXFileReference; lastKnownFileType = image.png; path = "Default@2x.png"; sourceTree = "<group>"; };
		CE01CE8A179BC3BB00090EB0 /* Default-568h@2x.png */ = {isa = PBXFileReference; lastKnownFileType = image.png; path = "Default-568h@2x.png"; sourceTree = "<group>"; };
		CE01CE8C179BC3BB00090EB0 /* WithiterFirstViewController.h */ = {isa = PBXFileReference; lastKnownFileType = sourcecode.c.h; path = WithiterFirstViewController.h; sourceTree = "<group>"; };
		CE01CE8D179BC3BB00090EB0 /* WithiterFirstViewController.m */ = {isa = PBXFileReference; lastKnownFileType = sourcecode.c.objc; path = WithiterFirstViewController.m; sourceTree = "<group>"; };
		CE01CE8F179BC3BB00090EB0 /* first.png */ = {isa = PBXFileReference; lastKnownFileType = image.png; path = first.png; sourceTree = "<group>"; };
		CE01CE91179BC3BB00090EB0 /* first@2x.png */ = {isa = PBXFileReference; lastKnownFileType = image.png; path = "first@2x.png"; sourceTree = "<group>"; };
		CE01CE93179BC3BB00090EB0 /* WithiterSecondViewController.h */ = {isa = PBXFileReference; lastKnownFileType = sourcecode.c.h; path = WithiterSecondViewController.h; sourceTree = "<group>"; };
		CE01CE94179BC3BB00090EB0 /* WithiterSecondViewController.m */ = {isa = PBXFileReference; lastKnownFileType = sourcecode.c.objc; path = WithiterSecondViewController.m; sourceTree = "<group>"; };
		CE01CE96179BC3BB00090EB0 /* second.png */ = {isa = PBXFileReference; lastKnownFileType = image.png; path = second.png; sourceTree = "<group>"; };
		CE01CE98179BC3BB00090EB0 /* second@2x.png */ = {isa = PBXFileReference; lastKnownFileType = image.png; path = "second@2x.png"; sourceTree = "<group>"; };
		CE01CE9B179BC3BB00090EB0 /* en */ = {isa = PBXFileReference; lastKnownFileType = file.xib; name = en; path = en.lproj/WithiterFirstViewController.xib; sourceTree = "<group>"; };
		CE01CE9E179BC3BB00090EB0 /* en */ = {isa = PBXFileReference; lastKnownFileType = file.xib; name = en; path = en.lproj/WithiterSecondViewController.xib; sourceTree = "<group>"; };
		CE01CFC0179BD09D00090EB0 /* CFNetwork.framework */ = {isa = PBXFileReference; lastKnownFileType = wrapper.framework; name = CFNetwork.framework; path = System/Library/Frameworks/CFNetwork.framework; sourceTree = SDKROOT; };
		CE01CFC2179BD0A800090EB0 /* MobileCoreServices.framework */ = {isa = PBXFileReference; lastKnownFileType = wrapper.framework; name = MobileCoreServices.framework; path = System/Library/Frameworks/MobileCoreServices.framework; sourceTree = SDKROOT; };
		CE01CFC4179BD0B300090EB0 /* SystemConfiguration.framework */ = {isa = PBXFileReference; lastKnownFileType = wrapper.framework; name = SystemConfiguration.framework; path = System/Library/Frameworks/SystemConfiguration.framework; sourceTree = SDKROOT; };
		CE01CFC6179BD0D700090EB0 /* libz.1.2.5.dylib */ = {isa = PBXFileReference; lastKnownFileType = "compiled.mach-o.dylib"; name = libz.1.2.5.dylib; path = usr/lib/libz.1.2.5.dylib; sourceTree = SDKROOT; };
		CE01CFC9179BD13400090EB0 /* ASIAuthenticationDialog.h */ = {isa = PBXFileReference; fileEncoding = 4; lastKnownFileType = sourcecode.c.h; path = ASIAuthenticationDialog.h; sourceTree = "<group>"; };
		CE01CFCA179BD13400090EB0 /* ASIAuthenticationDialog.m */ = {isa = PBXFileReference; fileEncoding = 4; lastKnownFileType = sourcecode.c.objc; path = ASIAuthenticationDialog.m; sourceTree = "<group>"; };
		CE01CFCB179BD13400090EB0 /* ASICacheDelegate.h */ = {isa = PBXFileReference; fileEncoding = 4; lastKnownFileType = sourcecode.c.h; path = ASICacheDelegate.h; sourceTree = "<group>"; };
		CE01CFCC179BD13400090EB0 /* ASIDataCompressor.h */ = {isa = PBXFileReference; fileEncoding = 4; lastKnownFileType = sourcecode.c.h; path = ASIDataCompressor.h; sourceTree = "<group>"; };
		CE01CFCD179BD13400090EB0 /* ASIDataCompressor.m */ = {isa = PBXFileReference; fileEncoding = 4; lastKnownFileType = sourcecode.c.objc; path = ASIDataCompressor.m; sourceTree = "<group>"; };
		CE01CFCE179BD13400090EB0 /* ASIDataDecompressor.h */ = {isa = PBXFileReference; fileEncoding = 4; lastKnownFileType = sourcecode.c.h; path = ASIDataDecompressor.h; sourceTree = "<group>"; };
		CE01CFCF179BD13400090EB0 /* ASIDataDecompressor.m */ = {isa = PBXFileReference; fileEncoding = 4; lastKnownFileType = sourcecode.c.objc; path = ASIDataDecompressor.m; sourceTree = "<group>"; };
		CE01CFD0179BD13400090EB0 /* ASIDownloadCache.h */ = {isa = PBXFileReference; fileEncoding = 4; lastKnownFileType = sourcecode.c.h; path = ASIDownloadCache.h; sourceTree = "<group>"; };
		CE01CFD1179BD13400090EB0 /* ASIDownloadCache.m */ = {isa = PBXFileReference; fileEncoding = 4; lastKnownFileType = sourcecode.c.objc; path = ASIDownloadCache.m; sourceTree = "<group>"; };
		CE01CFD2179BD13400090EB0 /* ASIFormDataRequest.h */ = {isa = PBXFileReference; fileEncoding = 4; lastKnownFileType = sourcecode.c.h; path = ASIFormDataRequest.h; sourceTree = "<group>"; };
		CE01CFD3179BD13400090EB0 /* ASIFormDataRequest.m */ = {isa = PBXFileReference; fileEncoding = 4; lastKnownFileType = sourcecode.c.objc; path = ASIFormDataRequest.m; sourceTree = "<group>"; };
		CE01CFD4179BD13400090EB0 /* ASIHTTPRequest.h */ = {isa = PBXFileReference; fileEncoding = 4; lastKnownFileType = sourcecode.c.h; path = ASIHTTPRequest.h; sourceTree = "<group>"; };
		CE01CFD5179BD13400090EB0 /* ASIHTTPRequest.m */ = {isa = PBXFileReference; fileEncoding = 4; lastKnownFileType = sourcecode.c.objc; path = ASIHTTPRequest.m; sourceTree = "<group>"; };
		CE01CFD6179BD13400090EB0 /* ASIHTTPRequestConfig.h */ = {isa = PBXFileReference; fileEncoding = 4; lastKnownFileType = sourcecode.c.h; path = ASIHTTPRequestConfig.h; sourceTree = "<group>"; };
		CE01CFD7179BD13400090EB0 /* ASIHTTPRequestDelegate.h */ = {isa = PBXFileReference; fileEncoding = 4; lastKnownFileType = sourcecode.c.h; path = ASIHTTPRequestDelegate.h; sourceTree = "<group>"; };
		CE01CFD8179BD13400090EB0 /* ASIInputStream.h */ = {isa = PBXFileReference; fileEncoding = 4; lastKnownFileType = sourcecode.c.h; path = ASIInputStream.h; sourceTree = "<group>"; };
		CE01CFD9179BD13400090EB0 /* ASIInputStream.m */ = {isa = PBXFileReference; fileEncoding = 4; lastKnownFileType = sourcecode.c.objc; path = ASIInputStream.m; sourceTree = "<group>"; };
		CE01CFDA179BD13400090EB0 /* ASINetworkQueue.h */ = {isa = PBXFileReference; fileEncoding = 4; lastKnownFileType = sourcecode.c.h; path = ASINetworkQueue.h; sourceTree = "<group>"; };
		CE01CFDB179BD13400090EB0 /* ASINetworkQueue.m */ = {isa = PBXFileReference; fileEncoding = 4; lastKnownFileType = sourcecode.c.objc; path = ASINetworkQueue.m; sourceTree = "<group>"; };
		CE01CFDC179BD13400090EB0 /* ASIProgressDelegate.h */ = {isa = PBXFileReference; fileEncoding = 4; lastKnownFileType = sourcecode.c.h; path = ASIProgressDelegate.h; sourceTree = "<group>"; };
		CE5FA80D179D61E900E09663 /* NSObject+SBJson.h */ = {isa = PBXFileReference; fileEncoding = 4; lastKnownFileType = sourcecode.c.h; path = "NSObject+SBJson.h"; sourceTree = "<group>"; };
		CE5FA80E179D61E900E09663 /* NSObject+SBJson.m */ = {isa = PBXFileReference; fileEncoding = 4; lastKnownFileType = sourcecode.c.objc; path = "NSObject+SBJson.m"; sourceTree = "<group>"; };
		CE5FA80F179D61E900E09663 /* SBJson.h */ = {isa = PBXFileReference; fileEncoding = 4; lastKnownFileType = sourcecode.c.h; path = SBJson.h; sourceTree = "<group>"; };
		CE5FA810179D61E900E09663 /* SBJsonParser.h */ = {isa = PBXFileReference; fileEncoding = 4; lastKnownFileType = sourcecode.c.h; path = SBJsonParser.h; sourceTree = "<group>"; };
		CE5FA811179D61E900E09663 /* SBJsonParser.m */ = {isa = PBXFileReference; fileEncoding = 4; lastKnownFileType = sourcecode.c.objc; path = SBJsonParser.m; sourceTree = "<group>"; };
		CE5FA812179D61E900E09663 /* SBJsonStreamParser.h */ = {isa = PBXFileReference; fileEncoding = 4; lastKnownFileType = sourcecode.c.h; path = SBJsonStreamParser.h; sourceTree = "<group>"; };
		CE5FA813179D61E900E09663 /* SBJsonStreamParser.m */ = {isa = PBXFileReference; fileEncoding = 4; lastKnownFileType = sourcecode.c.objc; path = SBJsonStreamParser.m; sourceTree = "<group>"; };
		CE5FA814179D61E900E09663 /* SBJsonStreamParserAccumulator.h */ = {isa = PBXFileReference; fileEncoding = 4; lastKnownFileType = sourcecode.c.h; path = SBJsonStreamParserAccumulator.h; sourceTree = "<group>"; };
		CE5FA815179D61E900E09663 /* SBJsonStreamParserAccumulator.m */ = {isa = PBXFileReference; fileEncoding = 4; lastKnownFileType = sourcecode.c.objc; path = SBJsonStreamParserAccumulator.m; sourceTree = "<group>"; };
		CE5FA816179D61E900E09663 /* SBJsonStreamParserAdapter.h */ = {isa = PBXFileReference; fileEncoding = 4; lastKnownFileType = sourcecode.c.h; path = SBJsonStreamParserAdapter.h; sourceTree = "<group>"; };
		CE5FA817179D61E900E09663 /* SBJsonStreamParserAdapter.m */ = {isa = PBXFileReference; fileEncoding = 4; lastKnownFileType = sourcecode.c.objc; path = SBJsonStreamParserAdapter.m; sourceTree = "<group>"; };
		CE5FA818179D61E900E09663 /* SBJsonStreamParserState.h */ = {isa = PBXFileReference; fileEncoding = 4; lastKnownFileType = sourcecode.c.h; path = SBJsonStreamParserState.h; sourceTree = "<group>"; };
		CE5FA819179D61E900E09663 /* SBJsonStreamParserState.m */ = {isa = PBXFileReference; fileEncoding = 4; lastKnownFileType = sourcecode.c.objc; path = SBJsonStreamParserState.m; sourceTree = "<group>"; };
		CE5FA81A179D61E900E09663 /* SBJsonStreamWriter.h */ = {isa = PBXFileReference; fileEncoding = 4; lastKnownFileType = sourcecode.c.h; path = SBJsonStreamWriter.h; sourceTree = "<group>"; };
		CE5FA81B179D61E900E09663 /* SBJsonStreamWriter.m */ = {isa = PBXFileReference; fileEncoding = 4; lastKnownFileType = sourcecode.c.objc; path = SBJsonStreamWriter.m; sourceTree = "<group>"; };
		CE5FA81C179D61E900E09663 /* SBJsonStreamWriterAccumulator.h */ = {isa = PBXFileReference; fileEncoding = 4; lastKnownFileType = sourcecode.c.h; path = SBJsonStreamWriterAccumulator.h; sourceTree = "<group>"; };
		CE5FA81D179D61E900E09663 /* SBJsonStreamWriterAccumulator.m */ = {isa = PBXFileReference; fileEncoding = 4; lastKnownFileType = sourcecode.c.objc; path = SBJsonStreamWriterAccumulator.m; sourceTree = "<group>"; };
		CE5FA81E179D61E900E09663 /* SBJsonStreamWriterState.h */ = {isa = PBXFileReference; fileEncoding = 4; lastKnownFileType = sourcecode.c.h; path = SBJsonStreamWriterState.h; sourceTree = "<group>"; };
		CE5FA81F179D61E900E09663 /* SBJsonStreamWriterState.m */ = {isa = PBXFileReference; fileEncoding = 4; lastKnownFileType = sourcecode.c.objc; path = SBJsonStreamWriterState.m; sourceTree = "<group>"; };
		CE5FA820179D61E900E09663 /* SBJsonTokeniser.h */ = {isa = PBXFileReference; fileEncoding = 4; lastKnownFileType = sourcecode.c.h; path = SBJsonTokeniser.h; sourceTree = "<group>"; };
		CE5FA821179D61E900E09663 /* SBJsonTokeniser.m */ = {isa = PBXFileReference; fileEncoding = 4; lastKnownFileType = sourcecode.c.objc; path = SBJsonTokeniser.m; sourceTree = "<group>"; };
		CE5FA822179D61E900E09663 /* SBJsonUTF8Stream.h */ = {isa = PBXFileReference; fileEncoding = 4; lastKnownFileType = sourcecode.c.h; path = SBJsonUTF8Stream.h; sourceTree = "<group>"; };
		CE5FA823179D61E900E09663 /* SBJsonUTF8Stream.m */ = {isa = PBXFileReference; fileEncoding = 4; lastKnownFileType = sourcecode.c.objc; path = SBJsonUTF8Stream.m; sourceTree = "<group>"; };
		CE5FA824179D61E900E09663 /* SBJsonWriter.h */ = {isa = PBXFileReference; fileEncoding = 4; lastKnownFileType = sourcecode.c.h; path = SBJsonWriter.h; sourceTree = "<group>"; };
		CE5FA825179D61E900E09663 /* SBJsonWriter.m */ = {isa = PBXFileReference; fileEncoding = 4; lastKnownFileType = sourcecode.c.objc; path = SBJsonWriter.m; sourceTree = "<group>"; };
		CEEC0730179BF021000879AE /* Reachability.h */ = {isa = PBXFileReference; fileEncoding = 4; lastKnownFileType = sourcecode.c.h; path = Reachability.h; sourceTree = "<group>"; };
		CEEC0731179BF021000879AE /* Reachability.m */ = {isa = PBXFileReference; fileEncoding = 4; lastKnownFileType = sourcecode.c.objc; path = Reachability.m; sourceTree = "<group>"; };
		CEEC0733179C2011000879AE /* WithiterThirdViewController.h */ = {isa = PBXFileReference; lastKnownFileType = sourcecode.c.h; path = WithiterThirdViewController.h; sourceTree = "<group>"; };
		CEEC0734179C2060000879AE /* WithiterThirdViewController.m */ = {isa = PBXFileReference; fileEncoding = 4; lastKnownFileType = sourcecode.c.objc; path = WithiterThirdViewController.m; sourceTree = "<group>"; };
		CEEC0736179C22C7000879AE /* WithiterThirdViewController.xib */ = {isa = PBXFileReference; fileEncoding = 4; lastKnownFileType = file.xib; path = WithiterThirdViewController.xib; sourceTree = "<group>"; };
/* End PBXFileReference section */

/* Begin PBXFrameworksBuildPhase section */
		CE01CE6E179BC3BB00090EB0 /* Frameworks */ = {
			isa = PBXFrameworksBuildPhase;
			buildActionMask = 2147483647;
			files = (
				CE01CFC7179BD0D700090EB0 /* libz.1.2.5.dylib in Frameworks */,
				CE01CFC5179BD0B300090EB0 /* SystemConfiguration.framework in Frameworks */,
				CE01CFC3179BD0A800090EB0 /* MobileCoreServices.framework in Frameworks */,
				CE01CFC1179BD09D00090EB0 /* CFNetwork.framework in Frameworks */,
				CE01CE75179BC3BB00090EB0 /* UIKit.framework in Frameworks */,
				CE01CE77179BC3BB00090EB0 /* Foundation.framework in Frameworks */,
				CE01CE79179BC3BB00090EB0 /* CoreGraphics.framework in Frameworks */,
			);
			runOnlyForDeploymentPostprocessing = 0;
		};
/* End PBXFrameworksBuildPhase section */

/* Begin PBXGroup section */
		CE01CE68179BC3BB00090EB0 = {
			isa = PBXGroup;
			children = (
				CE206F5E179EDB26003ECAC4 /* ASIHTTPRequest */,
				CE5FA80C179D61E900E09663 /* Classes */,
				CEEC072F179BF021000879AE /* Reachability */,
				CE01CE7A179BC3BB00090EB0 /* quhaoIOS */,
				CE01CE73179BC3BB00090EB0 /* Frameworks */,
				CE01CE72179BC3BB00090EB0 /* Products */,
			);
			sourceTree = "<group>";
		};
		CE01CE72179BC3BB00090EB0 /* Products */ = {
			isa = PBXGroup;
			children = (
				CE01CE71179BC3BB00090EB0 /* quhaoIOS.app */,
			);
			name = Products;
			sourceTree = "<group>";
		};
		CE01CE73179BC3BB00090EB0 /* Frameworks */ = {
			isa = PBXGroup;
			children = (
				CE01CFC6179BD0D700090EB0 /* libz.1.2.5.dylib */,
				CE01CFC4179BD0B300090EB0 /* SystemConfiguration.framework */,
				CE01CFC2179BD0A800090EB0 /* MobileCoreServices.framework */,
				CE01CFC0179BD09D00090EB0 /* CFNetwork.framework */,
				CE01CE74179BC3BB00090EB0 /* UIKit.framework */,
				CE01CE76179BC3BB00090EB0 /* Foundation.framework */,
				CE01CE78179BC3BB00090EB0 /* CoreGraphics.framework */,
			);
			name = Frameworks;
			sourceTree = "<group>";
		};
		CE01CE7A179BC3BB00090EB0 /* quhaoIOS */ = {
			isa = PBXGroup;
			children = (
				CE01CE83179BC3BB00090EB0 /* WithiterAppDelegate.h */,
				CE01CE84179BC3BB00090EB0 /* WithiterAppDelegate.m */,
				CE01CE8F179BC3BB00090EB0 /* first.png */,
				CE01CE91179BC3BB00090EB0 /* first@2x.png */,
				CE01CE8C179BC3BB00090EB0 /* WithiterFirstViewController.h */,
				CE01CE8D179BC3BB00090EB0 /* WithiterFirstViewController.m */,
				CE01CE93179BC3BB00090EB0 /* WithiterSecondViewController.h */,
				CE01CE94179BC3BB00090EB0 /* WithiterSecondViewController.m */,
				CEEC0733179C2011000879AE /* WithiterThirdViewController.h */,
				CEEC0734179C2060000879AE /* WithiterThirdViewController.m */,
				CE01CE96179BC3BB00090EB0 /* second.png */,
				CE01CE98179BC3BB00090EB0 /* second@2x.png */,
				CE01CE9A179BC3BB00090EB0 /* WithiterFirstViewController.xib */,
				CE01CE9D179BC3BB00090EB0 /* WithiterSecondViewController.xib */,
				CEEC0736179C22C7000879AE /* WithiterThirdViewController.xib */,
				CE01CE7B179BC3BB00090EB0 /* Supporting Files */,
			);
			path = quhaoIOS;
			sourceTree = "<group>";
		};
		CE01CE7B179BC3BB00090EB0 /* Supporting Files */ = {
			isa = PBXGroup;
			children = (
				CE01CE7C179BC3BB00090EB0 /* quhaoIOS-Info.plist */,
				CE01CE7D179BC3BB00090EB0 /* InfoPlist.strings */,
				CE01CE80179BC3BB00090EB0 /* main.m */,
				CE01CE82179BC3BB00090EB0 /* quhaoIOS-Prefix.pch */,
				CE01CE86179BC3BB00090EB0 /* Default.png */,
				CE01CE88179BC3BB00090EB0 /* Default@2x.png */,
				CE01CE8A179BC3BB00090EB0 /* Default-568h@2x.png */,
			);
			name = "Supporting Files";
			sourceTree = "<group>";
		};
		CE206F5E179EDB26003ECAC4 /* ASIHTTPRequest */ = {
			isa = PBXGroup;
			children = (
				CE01CFC9179BD13400090EB0 /* ASIAuthenticationDialog.h */,
				CE01CFCA179BD13400090EB0 /* ASIAuthenticationDialog.m */,
				CE01CFCB179BD13400090EB0 /* ASICacheDelegate.h */,
				CE01CFCC179BD13400090EB0 /* ASIDataCompressor.h */,
				CE01CFCD179BD13400090EB0 /* ASIDataCompressor.m */,
				CE01CFCE179BD13400090EB0 /* ASIDataDecompressor.h */,
				CE01CFCF179BD13400090EB0 /* ASIDataDecompressor.m */,
				CE01CFD0179BD13400090EB0 /* ASIDownloadCache.h */,
				CE01CFD1179BD13400090EB0 /* ASIDownloadCache.m */,
				CE01CFD2179BD13400090EB0 /* ASIFormDataRequest.h */,
				CE01CFD3179BD13400090EB0 /* ASIFormDataRequest.m */,
				CE01CFD4179BD13400090EB0 /* ASIHTTPRequest.h */,
				CE01CFD5179BD13400090EB0 /* ASIHTTPRequest.m */,
				CE01CFD6179BD13400090EB0 /* ASIHTTPRequestConfig.h */,
				CE01CFD7179BD13400090EB0 /* ASIHTTPRequestDelegate.h */,
				CE01CFD8179BD13400090EB0 /* ASIInputStream.h */,
				CE01CFD9179BD13400090EB0 /* ASIInputStream.m */,
				CE01CFDA179BD13400090EB0 /* ASINetworkQueue.h */,
				CE01CFDB179BD13400090EB0 /* ASINetworkQueue.m */,
				CE01CFDC179BD13400090EB0 /* ASIProgressDelegate.h */,
			);
			name = ASIHTTPRequest;
			sourceTree = "<group>";
		};
		CE5FA80C179D61E900E09663 /* Classes */ = {
			isa = PBXGroup;
			children = (
				CE5FA80D179D61E900E09663 /* NSObject+SBJson.h */,
				CE5FA80E179D61E900E09663 /* NSObject+SBJson.m */,
				CE5FA80F179D61E900E09663 /* SBJson.h */,
				CE5FA810179D61E900E09663 /* SBJsonParser.h */,
				CE5FA811179D61E900E09663 /* SBJsonParser.m */,
				CE5FA812179D61E900E09663 /* SBJsonStreamParser.h */,
				CE5FA813179D61E900E09663 /* SBJsonStreamParser.m */,
				CE5FA814179D61E900E09663 /* SBJsonStreamParserAccumulator.h */,
				CE5FA815179D61E900E09663 /* SBJsonStreamParserAccumulator.m */,
				CE5FA816179D61E900E09663 /* SBJsonStreamParserAdapter.h */,
				CE5FA817179D61E900E09663 /* SBJsonStreamParserAdapter.m */,
				CE5FA818179D61E900E09663 /* SBJsonStreamParserState.h */,
				CE5FA819179D61E900E09663 /* SBJsonStreamParserState.m */,
				CE5FA81A179D61E900E09663 /* SBJsonStreamWriter.h */,
				CE5FA81B179D61E900E09663 /* SBJsonStreamWriter.m */,
				CE5FA81C179D61E900E09663 /* SBJsonStreamWriterAccumulator.h */,
				CE5FA81D179D61E900E09663 /* SBJsonStreamWriterAccumulator.m */,
				CE5FA81E179D61E900E09663 /* SBJsonStreamWriterState.h */,
				CE5FA81F179D61E900E09663 /* SBJsonStreamWriterState.m */,
				CE5FA820179D61E900E09663 /* SBJsonTokeniser.h */,
				CE5FA821179D61E900E09663 /* SBJsonTokeniser.m */,
				CE5FA822179D61E900E09663 /* SBJsonUTF8Stream.h */,
				CE5FA823179D61E900E09663 /* SBJsonUTF8Stream.m */,
				CE5FA824179D61E900E09663 /* SBJsonWriter.h */,
				CE5FA825179D61E900E09663 /* SBJsonWriter.m */,
			);
			path = Classes;
			sourceTree = "<group>";
		};
		CEEC072F179BF021000879AE /* Reachability */ = {
			isa = PBXGroup;
			children = (
				CEEC0730179BF021000879AE /* Reachability.h */,
				CEEC0731179BF021000879AE /* Reachability.m */,
			);
			path = Reachability;
			sourceTree = "<group>";
		};
/* End PBXGroup section */

/* Begin PBXNativeTarget section */
		CE01CE70179BC3BB00090EB0 /* quhaoIOS */ = {
			isa = PBXNativeTarget;
			buildConfigurationList = CE01CEA2179BC3BB00090EB0 /* Build configuration list for PBXNativeTarget "quhaoIOS" */;
			buildPhases = (
				CE01CE6D179BC3BB00090EB0 /* Sources */,
				CE01CE6E179BC3BB00090EB0 /* Frameworks */,
				CE01CE6F179BC3BB00090EB0 /* Resources */,
				CE01CEA5179BC47400090EB0 /* ShellScript */,
			);
			buildRules = (
			);
			dependencies = (
			);
			name = quhaoIOS;
			productName = quhaoIOS;
			productReference = CE01CE71179BC3BB00090EB0 /* quhaoIOS.app */;
			productType = "com.apple.product-type.application";
		};
/* End PBXNativeTarget section */

/* Begin PBXProject section */
		CE01CE69179BC3BB00090EB0 /* Project object */ = {
			isa = PBXProject;
			attributes = {
				CLASSPREFIX = Withiter;
				LastUpgradeCheck = 0460;
				ORGANIZATIONNAME = withiter;
			};
			buildConfigurationList = CE01CE6C179BC3BB00090EB0 /* Build configuration list for PBXProject "quhaoIOS" */;
			compatibilityVersion = "Xcode 3.2";
			developmentRegion = English;
			hasScannedForEncodings = 0;
			knownRegions = (
				en,
				English,
			);
			mainGroup = CE01CE68179BC3BB00090EB0;
			productRefGroup = CE01CE72179BC3BB00090EB0 /* Products */;
			projectDirPath = "";
			projectRoot = "";
			targets = (
				CE01CE70179BC3BB00090EB0 /* quhaoIOS */,
			);
		};
/* End PBXProject section */

/* Begin PBXResourcesBuildPhase section */
		CE01CE6F179BC3BB00090EB0 /* Resources */ = {
			isa = PBXResourcesBuildPhase;
			buildActionMask = 2147483647;
			files = (
				CE01CE7F179BC3BB00090EB0 /* InfoPlist.strings in Resources */,
				CE01CE87179BC3BB00090EB0 /* Default.png in Resources */,
				CE01CE89179BC3BB00090EB0 /* Default@2x.png in Resources */,
				CE01CE8B179BC3BB00090EB0 /* Default-568h@2x.png in Resources */,
				CE01CE90179BC3BB00090EB0 /* first.png in Resources */,
				CE01CE92179BC3BB00090EB0 /* first@2x.png in Resources */,
				CE01CE97179BC3BB00090EB0 /* second.png in Resources */,
				CE01CE99179BC3BB00090EB0 /* second@2x.png in Resources */,
				CE01CE9C179BC3BB00090EB0 /* WithiterFirstViewController.xib in Resources */,
				CE01CE9F179BC3BB00090EB0 /* WithiterSecondViewController.xib in Resources */,
				CEEC0737179C22C7000879AE /* WithiterThirdViewController.xib in Resources */,
			);
			runOnlyForDeploymentPostprocessing = 0;
		};
/* End PBXResourcesBuildPhase section */

/* Begin PBXShellScriptBuildPhase section */
		CE01CEA5179BC47400090EB0 /* ShellScript */ = {
			isa = PBXShellScriptBuildPhase;
			buildActionMask = 2147483647;
			files = (
			);
			inputPaths = (
			);
			outputPaths = (
			);
			runOnlyForDeploymentPostprocessing = 0;
			shellPath = /bin/sh;
			shellScript = "export CODESIGN_ALLOCATE=/Applications/Xcode.app/Contents/Developer/Platforms/iPhoneOS.platform/Developer/usr/bin/codesign_allocate\nif [ \"${PLATFORM_NAME}\" == \"iphoneos\" ] || [ \"${PLATFORM_NAME}\" == \"ipados\" ]; then\n/Applications/Xcode.app/Contents/Developer/iphoneentitlements/gen_entitlements.py \"my.company.${PROJECT_NAME}\" \"${BUILT_PRODUCTS_DIR}/${WRAPPER_NAME}/${PROJECT_NAME}.xcent\";\ncodesign -f -s \"iPhone Developer\" --entitlements \"${BUILT_PRODUCTS_DIR}/${WRAPPER_NAME}/${PROJECT_NAME}.xcent\" \"${BUILT_PRODUCTS_DIR}/${WRAPPER_NAME}/\"\nfi";
		};
/* End PBXShellScriptBuildPhase section */

/* Begin PBXSourcesBuildPhase section */
		CE01CE6D179BC3BB00090EB0 /* Sources */ = {
			isa = PBXSourcesBuildPhase;
			buildActionMask = 2147483647;
			files = (
				CE01CE81179BC3BB00090EB0 /* main.m in Sources */,
				CE01CE85179BC3BB00090EB0 /* WithiterAppDelegate.m in Sources */,
				CE01CE8E179BC3BB00090EB0 /* WithiterFirstViewController.m in Sources */,
				CE01CE95179BC3BB00090EB0 /* WithiterSecondViewController.m in Sources */,
				CE01CFDD179BD13400090EB0 /* ASIAuthenticationDialog.m in Sources */,
				CE01CFDE179BD13400090EB0 /* ASIDataCompressor.m in Sources */,
				CE01CFDF179BD13400090EB0 /* ASIDataDecompressor.m in Sources */,
				CE01CFE0179BD13400090EB0 /* ASIDownloadCache.m in Sources */,
				CE01CFE1179BD13400090EB0 /* ASIFormDataRequest.m in Sources */,
				CE01CFE2179BD13400090EB0 /* ASIHTTPRequest.m in Sources */,
				CE01CFE3179BD13400090EB0 /* ASIInputStream.m in Sources */,
				CE01CFE4179BD13400090EB0 /* ASINetworkQueue.m in Sources */,
				CEEC0732179BF021000879AE /* Reachability.m in Sources */,
				CEEC0735179C2060000879AE /* WithiterThirdViewController.m in Sources */,
				CE5FA826179D61E900E09663 /* NSObject+SBJson.m in Sources */,
				CE5FA827179D61E900E09663 /* SBJsonParser.m in Sources */,
				CE5FA828179D61E900E09663 /* SBJsonStreamParser.m in Sources */,
				CE5FA829179D61E900E09663 /* SBJsonStreamParserAccumulator.m in Sources */,
				CE5FA82A179D61E900E09663 /* SBJsonStreamParserAdapter.m in Sources */,
				CE5FA82B179D61E900E09663 /* SBJsonStreamParserState.m in Sources */,
				CE5FA82C179D61E900E09663 /* SBJsonStreamWriter.m in Sources */,
				CE5FA82D179D61E900E09663 /* SBJsonStreamWriterAccumulator.m in Sources */,
				CE5FA82E179D61E900E09663 /* SBJsonStreamWriterState.m in Sources */,
				CE5FA82F179D61E900E09663 /* SBJsonTokeniser.m in Sources */,
				CE5FA830179D61E900E09663 /* SBJsonUTF8Stream.m in Sources */,
				CE5FA831179D61E900E09663 /* SBJsonWriter.m in Sources */,
			);
			runOnlyForDeploymentPostprocessing = 0;
		};
/* End PBXSourcesBuildPhase section */

/* Begin PBXVariantGroup section */
		CE01CE7D179BC3BB00090EB0 /* InfoPlist.strings */ = {
			isa = PBXVariantGroup;
			children = (
				CE01CE7E179BC3BB00090EB0 /* en */,
			);
			name = InfoPlist.strings;
			sourceTree = "<group>";
		};
		CE01CE9A179BC3BB00090EB0 /* WithiterFirstViewController.xib */ = {
			isa = PBXVariantGroup;
			children = (
				CE01CE9B179BC3BB00090EB0 /* en */,
			);
			name = WithiterFirstViewController.xib;
			sourceTree = "<group>";
		};
		CE01CE9D179BC3BB00090EB0 /* WithiterSecondViewController.xib */ = {
			isa = PBXVariantGroup;
			children = (
				CE01CE9E179BC3BB00090EB0 /* en */,
			);
			name = WithiterSecondViewController.xib;
			sourceTree = "<group>";
		};
/* End PBXVariantGroup section */

/* Begin XCBuildConfiguration section */
		CE01CEA0179BC3BB00090EB0 /* Debug */ = {
			isa = XCBuildConfiguration;
			buildSettings = {
				ALWAYS_SEARCH_USER_PATHS = NO;
				CLANG_CXX_LANGUAGE_STANDARD = "gnu++0x";
				CLANG_CXX_LIBRARY = "libc++";
				CLANG_ENABLE_OBJC_ARC = YES;
				CLANG_WARN_CONSTANT_CONVERSION = YES;
				CLANG_WARN_EMPTY_BODY = YES;
				CLANG_WARN_ENUM_CONVERSION = YES;
				CLANG_WARN_INT_CONVERSION = YES;
				CLANG_WARN__DUPLICATE_METHOD_MATCH = YES;
				CODE_SIGN_IDENTITY = "";
				"CODE_SIGN_IDENTITY[sdk=iphoneos*]" = "iPhone Developer";
				COPY_PHASE_STRIP = NO;
				GCC_C_LANGUAGE_STANDARD = gnu99;
				GCC_DYNAMIC_NO_PIC = NO;
				GCC_OPTIMIZATION_LEVEL = 0;
				GCC_PREPROCESSOR_DEFINITIONS = (
					"DEBUG=1",
					"$(inherited)",
				);
				GCC_SYMBOLS_PRIVATE_EXTERN = NO;
				GCC_WARN_ABOUT_RETURN_TYPE = YES;
				GCC_WARN_UNINITIALIZED_AUTOS = YES;
				GCC_WARN_UNUSED_VARIABLE = YES;
				HEADER_SEARCH_PATHS = "${SDK_DIR}/usr/include/libxml2";
				IPHONEOS_DEPLOYMENT_TARGET = 6.1;
				ONLY_ACTIVE_ARCH = YES;
				OTHER_LDFLAGS = "-lxml2";
				SDKROOT = iphoneos;
			};
			name = Debug;
		};
		CE01CEA1179BC3BB00090EB0 /* Release */ = {
			isa = XCBuildConfiguration;
			buildSettings = {
				ALWAYS_SEARCH_USER_PATHS = NO;
				CLANG_CXX_LANGUAGE_STANDARD = "gnu++0x";
				CLANG_CXX_LIBRARY = "libc++";
				CLANG_ENABLE_OBJC_ARC = YES;
				CLANG_WARN_CONSTANT_CONVERSION = YES;
				CLANG_WARN_EMPTY_BODY = YES;
				CLANG_WARN_ENUM_CONVERSION = YES;
				CLANG_WARN_INT_CONVERSION = YES;
				CLANG_WARN__DUPLICATE_METHOD_MATCH = YES;
				CODE_SIGN_IDENTITY = "";
				"CODE_SIGN_IDENTITY[sdk=iphoneos*]" = "iPhone Developer";
				COPY_PHASE_STRIP = YES;
				GCC_C_LANGUAGE_STANDARD = gnu99;
				GCC_WARN_ABOUT_RETURN_TYPE = YES;
				GCC_WARN_UNINITIALIZED_AUTOS = YES;
				GCC_WARN_UNUSED_VARIABLE = YES;
				HEADER_SEARCH_PATHS = "${SDK_DIR}/usr/include/libxml2";
				IPHONEOS_DEPLOYMENT_TARGET = 6.1;
				OTHER_CFLAGS = "-DNS_BLOCK_ASSERTIONS=1";
				OTHER_LDFLAGS = "-lxml2";
				SDKROOT = iphoneos;
				VALIDATE_PRODUCT = YES;
			};
			name = Release;
		};
		CE01CEA3179BC3BB00090EB0 /* Debug */ = {
			isa = XCBuildConfiguration;
			buildSettings = {
				CODE_SIGN_IDENTITY = "";
				"CODE_SIGN_IDENTITY[sdk=iphoneos*]" = "iPhone Developer";
				GCC_PRECOMPILE_PREFIX_HEADER = YES;
				GCC_PREFIX_HEADER = "quhaoIOS/quhaoIOS-Prefix.pch";
				INFOPLIST_FILE = "quhaoIOS/quhaoIOS-Info.plist";
				PRODUCT_NAME = "$(TARGET_NAME)";
				WRAPPER_EXTENSION = app;
			};
			name = Debug;
		};
		CE01CEA4179BC3BB00090EB0 /* Release */ = {
			isa = XCBuildConfiguration;
			buildSettings = {
				CODE_SIGN_IDENTITY = "";
				"CODE_SIGN_IDENTITY[sdk=iphoneos*]" = "iPhone Developer";
				GCC_PRECOMPILE_PREFIX_HEADER = YES;
				GCC_PREFIX_HEADER = "quhaoIOS/quhaoIOS-Prefix.pch";
				INFOPLIST_FILE = "quhaoIOS/quhaoIOS-Info.plist";
				PRODUCT_NAME = "$(TARGET_NAME)";
				WRAPPER_EXTENSION = app;
			};
			name = Release;
		};
/* End XCBuildConfiguration section */

/* Begin XCConfigurationList section */
		CE01CE6C179BC3BB00090EB0 /* Build configuration list for PBXProject "quhaoIOS" */ = {
			isa = XCConfigurationList;
			buildConfigurations = (
				CE01CEA0179BC3BB00090EB0 /* Debug */,
				CE01CEA1179BC3BB00090EB0 /* Release */,
			);
			defaultConfigurationIsVisible = 0;
			defaultConfigurationName = Release;
		};
		CE01CEA2179BC3BB00090EB0 /* Build configuration list for PBXNativeTarget "quhaoIOS" */ = {
			isa = XCConfigurationList;
			buildConfigurations = (
				CE01CEA3179BC3BB00090EB0 /* Debug */,
				CE01CEA4179BC3BB00090EB0 /* Release */,
			);
			defaultConfigurationIsVisible = 0;
			defaultConfigurationName = Release;
		};
/* End XCConfigurationList section */
	};
	rootObject = CE01CE69179BC3BB00090EB0 /* Project object */;
}
